lockfileVersion: '6.0'

settings:
  autoInstallPeers: true
  excludeLinksFromLockfile: false

dependencies:
  vanilla-tilt:
    specifier: ^1.8.1
    version: registry.npmmirror.com/vanilla-tilt@1.8.1

packages:

  registry.npmmirror.com/vanilla-tilt@1.8.1:
    resolution: {integrity: sha512-hPB1XUsnh+SIeVSW2beb5RnuFxz4ZNgxjGD78o52F49gS4xaoLeEMh9qrQnJrnEn/vjjBI7IlxrrXmz4tGV0Kw==, registry: https://registry.npm.taobao.org/, tarball: https://registry.npmmirror.com/vanilla-tilt/-/vanilla-tilt-1.8.1.tgz}
    name: vanilla-tilt
    version: 1.8.1
    dev: false
